
Microsoft Visual Studio Solution File, Format Version 12.00
# Visual Studio 15
VisualStudioVersion = 15.0.28307.1062
MinimumVisualStudioVersion = 10.0.40219.1
Project("{FAE04EC0-301F-11D3-BF4B-00C04F79EFBC}") = "LearningBass", "LearningBass\LearningBass.csproj", "{6DDCD031-4441-40E2-89EA-71DD2B01469B}"
EndProject
Global
	GlobalSection(SolutionConfigurationPlatforms) = preSolution
		Debug|Any CPU = Debug|Any CPU
		Release|Any CPU = Release|Any CPU
	EndGlobalSection
	GlobalSection(ProjectConfigurationPlatforms) = postSolution
		{6DDCD031-4441-40E2-89EA-71DD2B01469B}.Debug|Any CPU.ActiveCfg = Debug|Any CPU
		{6DDCD031-4441-40E2-89EA-71DD2B01469B}.Debug|Any CPU.Build.0 = Debug|Any CPU
		{6DDCD031-4441-40E2-89EA-71DD2B01469B}.Release|Any CPU.ActiveCfg = Release|Any CPU
		{6DDCD031-4441-40E2-89EA-71DD2B01469B}.Release|Any CPU.Build.0 = Release|Any CPU
	EndGlobalSection
	GlobalSection(SolutionProperties) = preSolution
		HideSolutionNode = FALSE
	EndGlobalSection
	GlobalSection(ExtensibilityGlobals) = postSolution
		SolutionGuid = {DDE3585A-BE6E-44FA-A166-B369520A49B6}
	EndGlobalSection
EndGlobal
